# This file is automatically @generated by Cargo.
# It is not intended for manual editing.
version = 3

[[package]]
name = "core"
version = "0.1.2"
dependencies = [
 "search",
]

[[package]]
name = "grep-on-the-rust"
version = "0.1.2"
dependencies = [
 "search",
]

[[package]]
name = "search"
version = "0.1.2"
